
Microsoft Visual Studio Solution File, Format Version 12.00
# Visual Studio 14
VisualStudioVersion = 14.0.25123.0
MinimumVisualStudioVersion = 10.0.40219.1
Project("{FAE04EC0-301F-11D3-BF4B-00C04F79EFBC}") = "saya.console", "saya\saya.console.csproj", "{69F24931-81C3-4082-A468-60D5372AE0B0}"
EndProject
Project("{FAE04EC0-301F-11D3-BF4B-00C04F79EFBC}") = "saya.test", "saya.test\saya.test.csproj", "{0A74FDE0-95B9-46D7-9CA4-F9FF11865256}"
EndProject
Project("{FAE04EC0-301F-11D3-BF4B-00C04F79EFBC}") = "saya.frontend", "saya.frontend\saya.frontend.csproj", "{266E0C59-7913-44CC-BF96-0BDCE42BD511}"
EndProject
Project("{FAE04EC0-301F-11D3-BF4B-00C04F79EFBC}") = "saya.core", "saya.core\saya.core.csproj", "{34987698-3EC1-4A46-9483-5DC488A062DA}"
EndProject
Project("{8BC9CEB8-8B4A-11D0-8D11-00A0C91BC942}") = "saya.core.native", "saya.core.native\saya.core.native.vcxproj", "{E74E0AF3-2078-4A08-9BD8-A6D5857FA4DF}"
EndProject
Global
	GlobalSection(SolutionConfigurationPlatforms) = preSolution
		Debug|x64 = Debug|x64
		Release|x64 = Release|x64
	EndGlobalSection
	GlobalSection(ProjectConfigurationPlatforms) = postSolution
		{69F24931-81C3-4082-A468-60D5372AE0B0}.Debug|x64.ActiveCfg = Debug|x64
		{69F24931-81C3-4082-A468-60D5372AE0B0}.Debug|x64.Build.0 = Debug|x64
		{69F24931-81C3-4082-A468-60D5372AE0B0}.Release|x64.ActiveCfg = Release|x64
		{69F24931-81C3-4082-A468-60D5372AE0B0}.Release|x64.Build.0 = Release|x64
		{0A74FDE0-95B9-46D7-9CA4-F9FF11865256}.Debug|x64.ActiveCfg = Debug|x64
		{0A74FDE0-95B9-46D7-9CA4-F9FF11865256}.Debug|x64.Build.0 = Debug|x64
		{0A74FDE0-95B9-46D7-9CA4-F9FF11865256}.Release|x64.ActiveCfg = Release|x64
		{0A74FDE0-95B9-46D7-9CA4-F9FF11865256}.Release|x64.Build.0 = Release|x64
		{266E0C59-7913-44CC-BF96-0BDCE42BD511}.Debug|x64.ActiveCfg = Debug|x64
		{266E0C59-7913-44CC-BF96-0BDCE42BD511}.Debug|x64.Build.0 = Debug|x64
		{266E0C59-7913-44CC-BF96-0BDCE42BD511}.Release|x64.ActiveCfg = Release|x64
		{266E0C59-7913-44CC-BF96-0BDCE42BD511}.Release|x64.Build.0 = Release|x64
		{34987698-3EC1-4A46-9483-5DC488A062DA}.Debug|x64.ActiveCfg = Debug|x64
		{34987698-3EC1-4A46-9483-5DC488A062DA}.Debug|x64.Build.0 = Debug|x64
		{34987698-3EC1-4A46-9483-5DC488A062DA}.Release|x64.ActiveCfg = Release|x64
		{34987698-3EC1-4A46-9483-5DC488A062DA}.Release|x64.Build.0 = Release|x64
		{E74E0AF3-2078-4A08-9BD8-A6D5857FA4DF}.Debug|x64.ActiveCfg = Debug|x64
		{E74E0AF3-2078-4A08-9BD8-A6D5857FA4DF}.Debug|x64.Build.0 = Debug|x64
		{E74E0AF3-2078-4A08-9BD8-A6D5857FA4DF}.Release|x64.ActiveCfg = Release|x64
		{E74E0AF3-2078-4A08-9BD8-A6D5857FA4DF}.Release|x64.Build.0 = Release|x64
	EndGlobalSection
	GlobalSection(SolutionProperties) = preSolution
		HideSolutionNode = FALSE
	EndGlobalSection
EndGlobal
